// !$*UTF8*$!
{
	archiveVersion = 1;
	classes = {
	};
	objectVersion = 48;
	objects = {

/* Begin PBXBuildFile section */
		E16F6F3D205D0AD600486E2F /* C_Transform.cpp in Sources */ = {isa = PBXBuildFile; fileRef = E16F6F1F205D0AD200486E2F /* C_Transform.cpp */; };
		E16F6F3E205D0AD600486E2F /* SceneStateMachine.cpp in Sources */ = {isa = PBXBuildFile; fileRef = E16F6F20205D0AD200486E2F /* SceneStateMachine.cpp */; };
		E16F6F3F205D0AD600486E2F /* C_Sprite.cpp in Sources */ = {isa = PBXBuildFile; fileRef = E16F6F21205D0AD200486E2F /* C_Sprite.cpp */; };
		E16F6F40205D0AD600486E2F /* Input.cpp in Sources */ = {isa = PBXBuildFile; fileRef = E16F6F23205D0AD300486E2F /* Input.cpp */; };
		E16F6F41205D0AD600486E2F /* C_KeyboardMovement.cpp in Sources */ = {isa = PBXBuildFile; fileRef = E16F6F24205D0AD300486E2F /* C_KeyboardMovement.cpp */; };
		E16F6F42205D0AD600486E2F /* Object.cpp in Sources */ = {isa = PBXBuildFile; fileRef = E16F6F26205D0AD300486E2F /* Object.cpp */; };
		E16F6F43205D0AD600486E2F /* Game.cpp in Sources */ = {isa = PBXBuildFile; fileRef = E16F6F2B205D0AD300486E2F /* Game.cpp */; };
		E16F6F44205D0AD600486E2F /* ObjectCollection.cpp in Sources */ = {isa = PBXBuildFile; fileRef = E16F6F2C205D0AD400486E2F /* ObjectCollection.cpp */; };
		E16F6F45205D0AD600486E2F /* Main.cpp in Sources */ = {isa = PBXBuildFile; fileRef = E16F6F34205D0AD500486E2F /* Main.cpp */; };
		E16F6F46205D0AD600486E2F /* SceneSplashScreen.cpp in Sources */ = {isa = PBXBuildFile; fileRef = E16F6F35205D0AD500486E2F /* SceneSplashScreen.cpp */; };
		E16F6F47205D0AD600486E2F /* WorkingDirectory.cpp in Sources */ = {isa = PBXBuildFile; fileRef = E16F6F37205D0AD500486E2F /* WorkingDirectory.cpp */; };
		E16F6F48205D0AD600486E2F /* Window.cpp in Sources */ = {isa = PBXBuildFile; fileRef = E16F6F38205D0AD500486E2F /* Window.cpp */; };
		E16F6F49205D0AD600486E2F /* SceneGame.cpp in Sources */ = {isa = PBXBuildFile; fileRef = E16F6F39205D0AD500486E2F /* SceneGame.cpp */; };
		E16F6F4A205D0AD600486E2F /* Bitmask.cpp in Sources */ = {isa = PBXBuildFile; fileRef = E16F6F3B205D0AD600486E2F /* Bitmask.cpp */; };
		E16F6F4D205D0AFB00486E2F /* that_games_guy_logo.png in Resources */ = {isa = PBXBuildFile; fileRef = E16F6F4B205D0AFB00486E2F /* that_games_guy_logo.png */; };
		E16F6F4E205D0AFB00486E2F /* viking.png in Resources */ = {isa = PBXBuildFile; fileRef = E16F6F4C205D0AFB00486E2F /* viking.png */; };
		E185FF6A205D0C680019DE3D /* CoreFoundation.framework in Frameworks */ = {isa = PBXBuildFile; fileRef = E185FF69205D0C670019DE3D /* CoreFoundation.framework */; };
/* End PBXBuildFile section */

/* Begin PBXFileReference section */
		E16F6F07205D0AA000486E2F /* that genetic algorithm.app */ = {isa = PBXFileReference; explicitFileType = wrapper.application; includeInIndex = 0; path = "that genetic algorithm.app"; sourceTree = BUILT_PRODUCTS_DIR; };
		E16F6F0B205D0AA000486E2F /* that genetic algorithm-Info.plist */ = {isa = PBXFileReference; lastKnownFileType = text.plist.xml; path = "that genetic algorithm-Info.plist"; sourceTree = "<group>"; };
		E16F6F1F205D0AD200486E2F /* C_Transform.cpp */ = {isa = PBXFileReference; fileEncoding = 4; lastKnownFileType = sourcecode.cpp.cpp; path = C_Transform.cpp; sourceTree = "<group>"; };
		E16F6F20205D0AD200486E2F /* SceneStateMachine.cpp */ = {isa = PBXFileReference; fileEncoding = 4; lastKnownFileType = sourcecode.cpp.cpp; path = SceneStateMachine.cpp; sourceTree = "<group>"; };
		E16F6F21205D0AD200486E2F /* C_Sprite.cpp */ = {isa = PBXFileReference; fileEncoding = 4; lastKnownFileType = sourcecode.cpp.cpp; path = C_Sprite.cpp; sourceTree = "<group>"; };
		E16F6F22205D0AD300486E2F /* Object.hpp */ = {isa = PBXFileReference; fileEncoding = 4; lastKnownFileType = sourcecode.cpp.h; path = Object.hpp; sourceTree = "<group>"; };
		E16F6F23205D0AD300486E2F /* Input.cpp */ = {isa = PBXFileReference; fileEncoding = 4; lastKnownFileType = sourcecode.cpp.cpp; path = Input.cpp; sourceTree = "<group>"; };
		E16F6F24205D0AD300486E2F /* C_KeyboardMovement.cpp */ = {isa = PBXFileReference; fileEncoding = 4; lastKnownFileType = sourcecode.cpp.cpp; path = C_KeyboardMovement.cpp; sourceTree = "<group>"; };
		E16F6F25205D0AD300486E2F /* SceneGame.hpp */ = {isa = PBXFileReference; fileEncoding = 4; lastKnownFileType = sourcecode.cpp.h; path = SceneGame.hpp; sourceTree = "<group>"; };
		E16F6F26205D0AD300486E2F /* Object.cpp */ = {isa = PBXFileReference; fileEncoding = 4; lastKnownFileType = sourcecode.cpp.cpp; path = Object.cpp; sourceTree = "<group>"; };
		E16F6F27205D0AD300486E2F /* ObjectCollection.hpp */ = {isa = PBXFileReference; fileEncoding = 4; lastKnownFileType = sourcecode.cpp.h; path = ObjectCollection.hpp; sourceTree = "<group>"; };
		E16F6F28205D0AD300486E2F /* WorkingDirectory.hpp */ = {isa = PBXFileReference; fileEncoding = 4; lastKnownFileType = sourcecode.cpp.h; path = WorkingDirectory.hpp; sourceTree = "<group>"; };
		E16F6F29205D0AD300486E2F /* Scene.hpp */ = {isa = PBXFileReference; fileEncoding = 4; lastKnownFileType = sourcecode.cpp.h; path = Scene.hpp; sourceTree = "<group>"; };
		E16F6F2A205D0AD300486E2F /* C_Sprite.hpp */ = {isa = PBXFileReference; fileEncoding = 4; lastKnownFileType = sourcecode.cpp.h; path = C_Sprite.hpp; sourceTree = "<group>"; };
		E16F6F2B205D0AD300486E2F /* Game.cpp */ = {isa = PBXFileReference; fileEncoding = 4; lastKnownFileType = sourcecode.cpp.cpp; path = Game.cpp; sourceTree = "<group>"; };
		E16F6F2C205D0AD400486E2F /* ObjectCollection.cpp */ = {isa = PBXFileReference; fileEncoding = 4; lastKnownFileType = sourcecode.cpp.cpp; path = ObjectCollection.cpp; sourceTree = "<group>"; };
		E16F6F2D205D0AD400486E2F /* Bitmask.hpp */ = {isa = PBXFileReference; fileEncoding = 4; lastKnownFileType = sourcecode.cpp.h; path = Bitmask.hpp; sourceTree = "<group>"; };
		E16F6F2E205D0AD400486E2F /* C_KeyboardMovement.hpp */ = {isa = PBXFileReference; fileEncoding = 4; lastKnownFileType = sourcecode.cpp.h; path = C_KeyboardMovement.hpp; sourceTree = "<group>"; };
		E16F6F2F205D0AD400486E2F /* SceneSplashScreen.hpp */ = {isa = PBXFileReference; fileEncoding = 4; lastKnownFileType = sourcecode.cpp.h; path = SceneSplashScreen.hpp; sourceTree = "<group>"; };
		E16F6F30205D0AD400486E2F /* Component.hpp */ = {isa = PBXFileReference; fileEncoding = 4; lastKnownFileType = sourcecode.cpp.h; path = Component.hpp; sourceTree = "<group>"; };
		E16F6F31205D0AD400486E2F /* C_Transform.hpp */ = {isa = PBXFileReference; fileEncoding = 4; lastKnownFileType = sourcecode.cpp.h; path = C_Transform.hpp; sourceTree = "<group>"; };
		E16F6F32205D0AD400486E2F /* Input.hpp */ = {isa = PBXFileReference; fileEncoding = 4; lastKnownFileType = sourcecode.cpp.h; path = Input.hpp; sourceTree = "<group>"; };
		E16F6F33205D0AD400486E2F /* SceneStateMachine.hpp */ = {isa = PBXFileReference; fileEncoding = 4; lastKnownFileType = sourcecode.cpp.h; path = SceneStateMachine.hpp; sourceTree = "<group>"; };
		E16F6F34205D0AD500486E2F /* Main.cpp */ = {isa = PBXFileReference; fileEncoding = 4; lastKnownFileType = sourcecode.cpp.cpp; path = Main.cpp; sourceTree = "<group>"; };
		E16F6F35205D0AD500486E2F /* SceneSplashScreen.cpp */ = {isa = PBXFileReference; fileEncoding = 4; lastKnownFileType = sourcecode.cpp.cpp; path = SceneSplashScreen.cpp; sourceTree = "<group>"; };
		E16F6F36205D0AD500486E2F /* ResourceAllocator.hpp */ = {isa = PBXFileReference; fileEncoding = 4; lastKnownFileType = sourcecode.cpp.h; path = ResourceAllocator.hpp; sourceTree = "<group>"; };
		E16F6F37205D0AD500486E2F /* WorkingDirectory.cpp */ = {isa = PBXFileReference; fileEncoding = 4; lastKnownFileType = sourcecode.cpp.cpp; path = WorkingDirectory.cpp; sourceTree = "<group>"; };
		E16F6F38205D0AD500486E2F /* Window.cpp */ = {isa = PBXFileReference; fileEncoding = 4; lastKnownFileType = sourcecode.cpp.cpp; path = Window.cpp; sourceTree = "<group>"; };
		E16F6F39205D0AD500486E2F /* SceneGame.cpp */ = {isa = PBXFileReference; fileEncoding = 4; lastKnownFileType = sourcecode.cpp.cpp; path = SceneGame.cpp; sourceTree = "<group>"; };
		E16F6F3A205D0AD600486E2F /* Window.hpp */ = {isa = PBXFileReference; fileEncoding = 4; lastKnownFileType = sourcecode.cpp.h; path = Window.hpp; sourceTree = "<group>"; };
		E16F6F3B205D0AD600486E2F /* Bitmask.cpp */ = {isa = PBXFileReference; fileEncoding = 4; lastKnownFileType = sourcecode.cpp.cpp; path = Bitmask.cpp; sourceTree = "<group>"; };
		E16F6F3C205D0AD600486E2F /* Game.hpp */ = {isa = PBXFileReference; fileEncoding = 4; lastKnownFileType = sourcecode.cpp.h; path = Game.hpp; sourceTree = "<group>"; };
		E16F6F4B205D0AFB00486E2F /* that_games_guy_logo.png */ = {isa = PBXFileReference; lastKnownFileType = image.png; path = that_games_guy_logo.png; sourceTree = "<group>"; };
		E16F6F4C205D0AFB00486E2F /* viking.png */ = {isa = PBXFileReference; lastKnownFileType = image.png; path = viking.png; sourceTree = "<group>"; };
		E185FF69205D0C670019DE3D /* CoreFoundation.framework */ = {isa = PBXFileReference; lastKnownFileType = wrapper.framework; name = CoreFoundation.framework; path = System/Library/Frameworks/CoreFoundation.framework; sourceTree = SDKROOT; };
/* End PBXFileReference section */

/* Begin PBXFrameworksBuildPhase section */
		E16F6F03205D0AA000486E2F /* Frameworks */ = {
			isa = PBXFrameworksBuildPhase;
			buildActionMask = 2147483647;
			files = (
				E185FF6A205D0C680019DE3D /* CoreFoundation.framework in Frameworks */,
			);
			runOnlyForDeploymentPostprocessing = 0;
		};
/* End PBXFrameworksBuildPhase section */

/* Begin PBXGroup section */
		E16F6EFD205D0AA000486E2F = {
			isa = PBXGroup;
			children = (
				E16F6F09205D0AA000486E2F /* that genetic algorithm */,
				E16F6F08205D0AA000486E2F /* Products */,
				E185FF68205D0C670019DE3D /* Frameworks */,
			);
			sourceTree = "<group>";
		};
		E16F6F08205D0AA000486E2F /* Products */ = {
			isa = PBXGroup;
			children = (
				E16F6F07205D0AA000486E2F /* that genetic algorithm.app */,
			);
			name = Products;
			sourceTree = "<group>";
		};
		E16F6F09205D0AA000486E2F /* that genetic algorithm */ = {
			isa = PBXGroup;
			children = (
				E16F6F50205D0B5500486E2F /* ECS */,
				E16F6F4F205D0B4300486E2F /* Scenes */,
				E16F6F3B205D0AD600486E2F /* Bitmask.cpp */,
				E16F6F2D205D0AD400486E2F /* Bitmask.hpp */,
				E16F6F2B205D0AD300486E2F /* Game.cpp */,
				E16F6F3C205D0AD600486E2F /* Game.hpp */,
				E16F6F23205D0AD300486E2F /* Input.cpp */,
				E16F6F32205D0AD400486E2F /* Input.hpp */,
				E16F6F34205D0AD500486E2F /* Main.cpp */,
				E16F6F26205D0AD300486E2F /* Object.cpp */,
				E16F6F22205D0AD300486E2F /* Object.hpp */,
				E16F6F2C205D0AD400486E2F /* ObjectCollection.cpp */,
				E16F6F27205D0AD300486E2F /* ObjectCollection.hpp */,
				E16F6F36205D0AD500486E2F /* ResourceAllocator.hpp */,
				E16F6F38205D0AD500486E2F /* Window.cpp */,
				E16F6F3A205D0AD600486E2F /* Window.hpp */,
				E16F6F37205D0AD500486E2F /* WorkingDirectory.cpp */,
				E16F6F28205D0AD300486E2F /* WorkingDirectory.hpp */,
				E16F6F11205D0AA000486E2F /* Resources */,
				E16F6F0A205D0AA000486E2F /* Supporting Files */,
			);
			path = "that genetic algorithm";
			sourceTree = "<group>";
		};
		E16F6F0A205D0AA000486E2F /* Supporting Files */ = {
			isa = PBXGroup;
			children = (
				E16F6F0B205D0AA000486E2F /* that genetic algorithm-Info.plist */,
			);
			name = "Supporting Files";
			sourceTree = "<group>";
		};
		E16F6F11205D0AA000486E2F /* Resources */ = {
			isa = PBXGroup;
			children = (
				E16F6F4B205D0AFB00486E2F /* that_games_guy_logo.png */,
				E16F6F4C205D0AFB00486E2F /* viking.png */,
			);
			name = Resources;
			sourceTree = "<group>";
		};
		E16F6F4F205D0B4300486E2F /* Scenes */ = {
			isa = PBXGroup;
			children = (
				E16F6F29205D0AD300486E2F /* Scene.hpp */,
				E16F6F39205D0AD500486E2F /* SceneGame.cpp */,
				E16F6F25205D0AD300486E2F /* SceneGame.hpp */,
				E16F6F35205D0AD500486E2F /* SceneSplashScreen.cpp */,
				E16F6F2F205D0AD400486E2F /* SceneSplashScreen.hpp */,
				E16F6F20205D0AD200486E2F /* SceneStateMachine.cpp */,
				E16F6F33205D0AD400486E2F /* SceneStateMachine.hpp */,
			);
			name = Scenes;
			sourceTree = "<group>";
		};
		E16F6F50205D0B5500486E2F /* ECS */ = {
			isa = PBXGroup;
			children = (
				E16F6F24205D0AD300486E2F /* C_KeyboardMovement.cpp */,
				E16F6F2E205D0AD400486E2F /* C_KeyboardMovement.hpp */,
				E16F6F21205D0AD200486E2F /* C_Sprite.cpp */,
				E16F6F2A205D0AD300486E2F /* C_Sprite.hpp */,
				E16F6F1F205D0AD200486E2F /* C_Transform.cpp */,
				E16F6F31205D0AD400486E2F /* C_Transform.hpp */,
				E16F6F30205D0AD400486E2F /* Component.hpp */,
			);
			name = ECS;
			sourceTree = "<group>";
		};
		E185FF68205D0C670019DE3D /* Frameworks */ = {
			isa = PBXGroup;
			children = (
				E185FF69205D0C670019DE3D /* CoreFoundation.framework */,
			);
			name = Frameworks;
			sourceTree = "<group>";
		};
/* End PBXGroup section */

/* Begin PBXNativeTarget section */
		E16F6F06205D0AA000486E2F /* that genetic algorithm */ = {
			isa = PBXNativeTarget;
			buildConfigurationList = E16F6F1C205D0AA000486E2F /* Build configuration list for PBXNativeTarget "that genetic algorithm" */;
			buildPhases = (
				E16F6F02205D0AA000486E2F /* Sources */,
				E16F6F03205D0AA000486E2F /* Frameworks */,
				E16F6F04205D0AA000486E2F /* Resources */,
				E16F6F05205D0AA000486E2F /* ShellScript */,
			);
			buildRules = (
			);
			dependencies = (
			);
			name = "that genetic algorithm";
			productName = "that genetic algorithm";
			productReference = E16F6F07205D0AA000486E2F /* that genetic algorithm.app */;
			productType = "com.apple.product-type.application";
		};
/* End PBXNativeTarget section */

/* Begin PBXProject section */
		E16F6EFE205D0AA000486E2F /* Project object */ = {
			isa = PBXProject;
			attributes = {
				LastUpgradeCheck = 0920;
				ORGANIZATIONNAME = "Robert Wells";
				TargetAttributes = {
					E16F6F06205D0AA000486E2F = {
						CreatedOnToolsVersion = 9.2;
						ProvisioningStyle = Automatic;
					};
				};
			};
			buildConfigurationList = E16F6F01205D0AA000486E2F /* Build configuration list for PBXProject "that genetic algorithm" */;
			compatibilityVersion = "Xcode 8.0";
			developmentRegion = en;
			hasScannedForEncodings = 0;
			knownRegions = (
				en,
			);
			mainGroup = E16F6EFD205D0AA000486E2F;
			productRefGroup = E16F6F08205D0AA000486E2F /* Products */;
			projectDirPath = "";
			projectRoot = "";
			targets = (
				E16F6F06205D0AA000486E2F /* that genetic algorithm */,
			);
		};
/* End PBXProject section */

/* Begin PBXResourcesBuildPhase section */
		E16F6F04205D0AA000486E2F /* Resources */ = {
			isa = PBXResourcesBuildPhase;
			buildActionMask = 2147483647;
			files = (
				E16F6F4D205D0AFB00486E2F /* that_games_guy_logo.png in Resources */,
				E16F6F4E205D0AFB00486E2F /* viking.png in Resources */,
			);
			runOnlyForDeploymentPostprocessing = 0;
		};
/* End PBXResourcesBuildPhase section */

/* Begin PBXShellScriptBuildPhase section */
		E16F6F05205D0AA000486E2F /* ShellScript */ = {
			isa = PBXShellScriptBuildPhase;
			buildActionMask = 2147483647;
			files = (
			);
			inputPaths = (
			);
			outputPaths = (
			);
			runOnlyForDeploymentPostprocessing = 0;
			shellPath = /bin/sh;
			shellScript = "# This shell script simply copies required SFML dylibs/frameworks into the application bundle frameworks folder.\n# If you're using static libraries (which is not recommended) you should remove this script from your project.\n\n# SETTINGS\nCMAKE_INSTALL_FRAMEWORK_PREFIX=\"/Library/Frameworks\"\nCMAKE_INSTALL_LIB_PREFIX=\"/usr/local/lib\"\nFRAMEWORKS_FULL_PATH=\"$BUILT_PRODUCTS_DIR/$FRAMEWORKS_FOLDER_PATH/\"\n\n# Are we building a project that uses frameworks or dylibs?\ncase \"$SFML_BINARY_TYPE\" in\n    DYLIBS)\n        frameworks=\"false\"\n        ;;\n    *)\n        frameworks=\"true\"\n        ;;\nesac\n\n# Echoes to stderr\nerror () # $* message to display\n{\n    echo $* 1>&2\n    exit 2\n}\n\nassert () # $1 is a boolean, $2...N is an error message\n{\n    if [ $# -lt 2 ]\n    then\n        error \"Internal error in assert: not enough args\"\n    fi\n\n    if [ $1 -ne 0 ]\n    then\n        shift\n        error \"$*\"\n    fi\n}\n\nforce_remove () # $@ is some paths\n{\n    test $# -ge 1\n    assert $? \"force_remove() requires at least one parameter\"\n    rm -fr $@\n    assert $? \"couldn't remove $@\"\n}\n\ncopy () # $1 is a source, $2 is a destination\n{\n    test $# -eq 2\n    assert $? \"copy() requires two parameters\"\n    ditto \"$1\" \"$2\"\n    assert $? \"couldn't copy $1 to $2\"\n}\n\nrequire () # $1 is a SFML module like 'system' or 'audio'\n{\n    dest=\"$BUILT_PRODUCTS_DIR/$FRAMEWORKS_FOLDER_PATH/\"\n\n    if [ -z \"$1\" ]\n    then\n        error \"require() requires one parameter!\"\n    else\n        # clean potentially old stuff\n        force_remove \"$dest/libsfml-$1\"*\n        force_remove \"$dest/sfml-$1.framework\"\n\n        # copy SFML libraries\n        if [ \"$frameworks\" = \"true\" ]\n        then\n            source=\"$CMAKE_INSTALL_FRAMEWORK_PREFIX/sfml-$1.framework\"\n            target=\"sfml-$1.framework\"\n        elif [ \"$SFML_LINK_DYLIBS_SUFFIX\" = \"-d\" ]\n        then\n            source=\"$CMAKE_INSTALL_LIB_PREFIX/libsfml-$1-d.dylib\"\n            target=\"`readlink $source`\"\n        else\n            source=\"$CMAKE_INSTALL_LIB_PREFIX/libsfml-$1.dylib\"\n            target=\"`readlink $source`\"\n        fi\n\n        copy \"$source\" \"$dest/$target\"\n\n        # copy extra dependencies\n        if [ \"$1\" = \"audio\" ]\n        then\n            # copy \"FLAC\" \"ogg\" \"vorbis\" \"vorbisenc\" \"vorbisfile\" \"OpenAL\" frameworks too\n            for f in \"FLAC\" \"ogg\" \"vorbis\" \"vorbisenc\" \"vorbisfile\" \"OpenAL\"\n            do\n                copy \"$CMAKE_INSTALL_FRAMEWORK_PREFIX/$f.framework\" \"$dest/$f.framework\"\n            done\n        elif [ \"$1\" = \"graphics\" ]\n        then\n            copy \"$CMAKE_INSTALL_FRAMEWORK_PREFIX/freetype.framework\" \"$dest/freetype.framework\"\n        fi\n    fi\n}\n\nif [ -n \"$SFML_SYSTEM\" ]\nthen\n    require \"system\"\nfi\n\nif [ -n \"$SFML_AUDIO\" ]\nthen\n    require \"audio\"\nfi\n\nif [ -n \"$SFML_NETWORK\" ]\nthen\n    require \"network\"\nfi\n\nif [ -n \"$SFML_WINDOW\" ]\nthen\n    require \"window\"\nfi\n\nif [ -n \"$SFML_GRAPHICS\" ]\nthen\n    require \"graphics\"\nfi\n\n                ";
		};
/* End PBXShellScriptBuildPhase section */

/* Begin PBXSourcesBuildPhase section */
		E16F6F02205D0AA000486E2F /* Sources */ = {
			isa = PBXSourcesBuildPhase;
			buildActionMask = 2147483647;
			files = (
				E16F6F45205D0AD600486E2F /* Main.cpp in Sources */,
				E16F6F44205D0AD600486E2F /* ObjectCollection.cpp in Sources */,
				E16F6F41205D0AD600486E2F /* C_KeyboardMovement.cpp in Sources */,
				E16F6F47205D0AD600486E2F /* WorkingDirectory.cpp in Sources */,
				E16F6F3F205D0AD600486E2F /* C_Sprite.cpp in Sources */,
				E16F6F4A205D0AD600486E2F /* Bitmask.cpp in Sources */,
				E16F6F42205D0AD600486E2F /* Object.cpp in Sources */,
				E16F6F49205D0AD600486E2F /* SceneGame.cpp in Sources */,
				E16F6F46205D0AD600486E2F /* SceneSplashScreen.cpp in Sources */,
				E16F6F48205D0AD600486E2F /* Window.cpp in Sources */,
				E16F6F3E205D0AD600486E2F /* SceneStateMachine.cpp in Sources */,
				E16F6F40205D0AD600486E2F /* Input.cpp in Sources */,
				E16F6F3D205D0AD600486E2F /* C_Transform.cpp in Sources */,
				E16F6F43205D0AD600486E2F /* Game.cpp in Sources */,
			);
			runOnlyForDeploymentPostprocessing = 0;
		};
/* End PBXSourcesBuildPhase section */

/* Begin XCBuildConfiguration section */
		E16F6F1A205D0AA000486E2F /* Debug */ = {
			isa = XCBuildConfiguration;
			buildSettings = {
				ARCHS = "$(NATIVE_ARCH_ACTUAL)";
				CLANG_CXX_LANGUAGE_STANDARD = "c++0x";
				CLANG_CXX_LIBRARY = "libc++";
				FRAMEWORK_SEARCH_PATHS = (
					/Library/Frameworks/,
					"$(inherited)",
				);
				GCC_VERSION = com.apple.compilers.llvm.clang.1_0;
				HEADER_SEARCH_PATHS = (
					/usr/local/include/,
					"$(inherited)",
				);
				LIBRARY_SEARCH_PATHS = (
					/usr/local/lib/,
					"$(inherited)",
				);
				MACOSX_DEPLOYMENT_TARGET = 10.7;
				OTHER_LDFLAGS = (
					"$(inherited)",
					"$(SFML_SYSTEM)",
					"$(SFML_WINDOW)",
					"$(SFML_GRAPHICS)",
					"$(SFML_AUDIO)",
					"$(SFML_NETWORK)",
				);
				SFML_AUDIO = "$(SFML_LINK_PREFIX) sfml-audio$(SFML_LINK_SUFFIX)";
				SFML_BINARY_TYPE = FRAMEWORKS;
				SFML_GRAPHICS = "$(SFML_LINK_PREFIX) sfml-graphics$(SFML_LINK_SUFFIX)";
				SFML_LINK_DYLIBS_PREFIX = "-l";
				SFML_LINK_DYLIBS_SUFFIX = "";
				SFML_LINK_FRAMEWORKS_PREFIX = "-framework";
				SFML_LINK_FRAMEWORKS_SUFFIX = "";
				SFML_LINK_PREFIX = "$(SFML_LINK_$(SFML_BINARY_TYPE)_PREFIX)";
				SFML_LINK_SUFFIX = "$(SFML_LINK_$(SFML_BINARY_TYPE)_SUFFIX)";
				SFML_NETWORK = "$(SFML_LINK_PREFIX) sfml-network$(SFML_LINK_SUFFIX)";
				SFML_SYSTEM = "$(SFML_LINK_PREFIX) sfml-system$(SFML_LINK_SUFFIX)";
				SFML_WINDOW = "$(SFML_LINK_PREFIX) sfml-window$(SFML_LINK_SUFFIX)";
				SUPPORTED_PLATFORMS = macosx;
			};
			name = Debug;
		};
		E16F6F1B205D0AA000486E2F /* Release */ = {
			isa = XCBuildConfiguration;
			buildSettings = {
				ARCHS = "$(NATIVE_ARCH_ACTUAL)";
				CLANG_CXX_LANGUAGE_STANDARD = "c++0x";
				CLANG_CXX_LIBRARY = "libc++";
				FRAMEWORK_SEARCH_PATHS = (
					/Library/Frameworks/,
					"$(inherited)",
				);
				GCC_VERSION = com.apple.compilers.llvm.clang.1_0;
				HEADER_SEARCH_PATHS = (
					/usr/local/include/,
					"$(inherited)",
				);
				LIBRARY_SEARCH_PATHS = (
					/usr/local/lib/,
					"$(inherited)",
				);
				MACOSX_DEPLOYMENT_TARGET = 10.7;
				OTHER_LDFLAGS = (
					"$(inherited)",
					"$(SFML_SYSTEM)",
					"$(SFML_WINDOW)",
					"$(SFML_GRAPHICS)",
					"$(SFML_AUDIO)",
					"$(SFML_NETWORK)",
				);
				SFML_AUDIO = "$(SFML_LINK_PREFIX) sfml-audio$(SFML_LINK_SUFFIX)";
				SFML_BINARY_TYPE = FRAMEWORKS;
				SFML_GRAPHICS = "$(SFML_LINK_PREFIX) sfml-graphics$(SFML_LINK_SUFFIX)";
				SFML_LINK_DYLIBS_PREFIX = "-l";
				SFML_LINK_DYLIBS_SUFFIX = "";
				SFML_LINK_FRAMEWORKS_PREFIX = "-framework";
				SFML_LINK_FRAMEWORKS_SUFFIX = "";
				SFML_LINK_PREFIX = "$(SFML_LINK_$(SFML_BINARY_TYPE)_PREFIX)";
				SFML_LINK_SUFFIX = "$(SFML_LINK_$(SFML_BINARY_TYPE)_SUFFIX)";
				SFML_NETWORK = "$(SFML_LINK_PREFIX) sfml-network$(SFML_LINK_SUFFIX)";
				SFML_SYSTEM = "$(SFML_LINK_PREFIX) sfml-system$(SFML_LINK_SUFFIX)";
				SFML_WINDOW = "$(SFML_LINK_PREFIX) sfml-window$(SFML_LINK_SUFFIX)";
				SUPPORTED_PLATFORMS = macosx;
			};
			name = Release;
		};
		E16F6F1D205D0AA000486E2F /* Debug */ = {
			isa = XCBuildConfiguration;
			buildSettings = {
				CODE_SIGN_STYLE = Automatic;
				DEVELOPMENT_TEAM = GSVX5LD945;
				INFOPLIST_FILE = "that genetic algorithm/that genetic algorithm-Info.plist";
				LD_RUNPATH_SEARCH_PATHS = "@loader_path/../Frameworks";
				OTHER_CFLAGS = (
					"-D",
					MACOS,
				);
				PRODUCT_NAME = "$(TARGET_NAME)";
			};
			name = Debug;
		};
		E16F6F1E205D0AA000486E2F /* Release */ = {
			isa = XCBuildConfiguration;
			buildSettings = {
				CODE_SIGN_STYLE = Automatic;
				DEVELOPMENT_TEAM = GSVX5LD945;
				INFOPLIST_FILE = "that genetic algorithm/that genetic algorithm-Info.plist";
				LD_RUNPATH_SEARCH_PATHS = "@loader_path/../Frameworks";
				OTHER_CFLAGS = (
					"-D",
					MACOS,
				);
				PRODUCT_NAME = "$(TARGET_NAME)";
			};
			name = Release;
		};
/* End XCBuildConfiguration section */

/* Begin XCConfigurationList section */
		E16F6F01205D0AA000486E2F /* Build configuration list for PBXProject "that genetic algorithm" */ = {
			isa = XCConfigurationList;
			buildConfigurations = (
				E16F6F1A205D0AA000486E2F /* Debug */,
				E16F6F1B205D0AA000486E2F /* Release */,
			);
			defaultConfigurationIsVisible = 0;
			defaultConfigurationName = Release;
		};
		E16F6F1C205D0AA000486E2F /* Build configuration list for PBXNativeTarget "that genetic algorithm" */ = {
			isa = XCConfigurationList;
			buildConfigurations = (
				E16F6F1D205D0AA000486E2F /* Debug */,
				E16F6F1E205D0AA000486E2F /* Release */,
			);
			defaultConfigurationIsVisible = 0;
			defaultConfigurationName = Release;
		};
/* End XCConfigurationList section */
	};
	rootObject = E16F6EFE205D0AA000486E2F /* Project object */;
}
